
Microsoft Visual Studio Solution File, Format Version 12.00
# Visual Studio Version 17
VisualStudioVersion = 17.6.33815.320
MinimumVisualStudioVersion = 10.0.40219.1
Project("{FAE04EC0-301F-11D3-BF4B-00C04F79EFBC}") = "UICloudTraining", "UICloudTraining.csproj", "{849B9472-E77F-43DE-BC5A-D7C9BD2802D2}"
EndProject
Global
	GlobalSection(SolutionConfigurationPlatforms) = preSolution
		Debug|Any CPU = Debug|Any CPU
		Release|Any CPU = Release|Any CPU
	EndGlobalSection
	GlobalSection(ProjectConfigurationPlatforms) = postSolution
		{849B9472-E77F-43DE-BC5A-D7C9BD2802D2}.Debug|Any CPU.ActiveCfg = Debug|Any CPU
		{849B9472-E77F-43DE-BC5A-D7C9BD2802D2}.Debug|Any CPU.Build.0 = Debug|Any CPU
		{849B9472-E77F-43DE-BC5A-D7C9BD2802D2}.Release|Any CPU.ActiveCfg = Release|Any CPU
		{849B9472-E77F-43DE-BC5A-D7C9BD2802D2}.Release|Any CPU.Build.0 = Release|Any CPU
	EndGlobalSection
	GlobalSection(SolutionProperties) = preSolution
		HideSolutionNode = FALSE
	EndGlobalSection
	GlobalSection(ExtensibilityGlobals) = postSolution
		SolutionGuid = {B7D7D28A-BCE0-4C09-8509-D84A9A7384BA}
	EndGlobalSection
EndGlobal
